
Microsoft Visual Studio Solution File, Format Version 12.00
# Visual Studio Version 17
VisualStudioVersion = 17.8.34330.188
MinimumVisualStudioVersion = 10.0.40219.1
Project("{FAE04EC0-301F-11D3-BF4B-00C04F79EFBC}") = "Sudoku", "Sudoku\Sudoku.csproj", "{CE64FB7F-3A91-48F8-A3AA-CC3C6E7F0F7C}"
EndProject
Global
	GlobalSection(SolutionConfigurationPlatforms) = preSolution
		Debug|Any CPU = Debug|Any CPU
		Release|Any CPU = Release|Any CPU
	EndGlobalSection
	GlobalSection(ProjectConfigurationPlatforms) = postSolution
		{CE64FB7F-3A91-48F8-A3AA-CC3C6E7F0F7C}.Debug|Any CPU.ActiveCfg = Debug|Any CPU
		{CE64FB7F-3A91-48F8-A3AA-CC3C6E7F0F7C}.Debug|Any CPU.Build.0 = Debug|Any CPU
		{CE64FB7F-3A91-48F8-A3AA-CC3C6E7F0F7C}.Release|Any CPU.ActiveCfg = Release|Any CPU
		{CE64FB7F-3A91-48F8-A3AA-CC3C6E7F0F7C}.Release|Any CPU.Build.0 = Release|Any CPU
	EndGlobalSection
	GlobalSection(SolutionProperties) = preSolution
		HideSolutionNode = FALSE
	EndGlobalSection
	GlobalSection(ExtensibilityGlobals) = postSolution
		SolutionGuid = {CE315A7D-C881-4446-A9F6-9885CFDEB9CD}
	EndGlobalSection
EndGlobal
